
Microsoft Visual Studio Solution File, Format Version 12.00
# Visual Studio 15
VisualStudioVersion = 15.0.27004.2005
MinimumVisualStudioVersion = 10.0.40219.1
Project("{FAE04EC0-301F-11D3-BF4B-00C04F79EFBC}") = "BasicExamples", "BasicExamples\BasicExamples.csproj", "{A2948C84-C04C-41A3-9510-7B44AE8CC9CE}"
EndProject
Project("{FAE04EC0-301F-11D3-BF4B-00C04F79EFBC}") = "BasicExamples.UnitTests", "BasicExamples.UnitTests\BasicExamples.UnitTests.csproj", "{E817F40C-48BC-40F6-8838-167A95671C3B}"
EndProject
Project("{2150E333-8FDC-42A3-9474-1A3956D46DE8}") = "Basic Examples", "Basic Examples", "{559023CB-C4E2-4171-9201-1F08A6B48939}"
EndProject
Project("{FAE04EC0-301F-11D3-BF4B-00C04F79EFBC}") = "IsolationExamples", "IsolationExamples\IsolationExamples.csproj", "{8BEC9AEA-FF2F-4155-B615-FB87AEC6DBC4}"
EndProject
Project("{FAE04EC0-301F-11D3-BF4B-00C04F79EFBC}") = "IsolationExamples.UnitTests", "IsolationExamples.UnitTests\IsolationExamples.UnitTests.csproj", "{E5915F33-C47A-4A6D-97D9-1B426F28FDA8}"
EndProject
Project("{2150E333-8FDC-42A3-9474-1A3956D46DE8}") = "Isolation Examples", "Isolation Examples", "{AA5F2B1E-699B-4B0F-A1E1-C3BFAE275715}"
EndProject
Global
	GlobalSection(SolutionConfigurationPlatforms) = preSolution
		Debug|Any CPU = Debug|Any CPU
		Release|Any CPU = Release|Any CPU
	EndGlobalSection
	GlobalSection(ProjectConfigurationPlatforms) = postSolution
		{A2948C84-C04C-41A3-9510-7B44AE8CC9CE}.Debug|Any CPU.ActiveCfg = Debug|Any CPU
		{A2948C84-C04C-41A3-9510-7B44AE8CC9CE}.Debug|Any CPU.Build.0 = Debug|Any CPU
		{A2948C84-C04C-41A3-9510-7B44AE8CC9CE}.Release|Any CPU.ActiveCfg = Release|Any CPU
		{A2948C84-C04C-41A3-9510-7B44AE8CC9CE}.Release|Any CPU.Build.0 = Release|Any CPU
		{E817F40C-48BC-40F6-8838-167A95671C3B}.Debug|Any CPU.ActiveCfg = Debug|Any CPU
		{E817F40C-48BC-40F6-8838-167A95671C3B}.Debug|Any CPU.Build.0 = Debug|Any CPU
		{E817F40C-48BC-40F6-8838-167A95671C3B}.Release|Any CPU.ActiveCfg = Release|Any CPU
		{E817F40C-48BC-40F6-8838-167A95671C3B}.Release|Any CPU.Build.0 = Release|Any CPU
		{8BEC9AEA-FF2F-4155-B615-FB87AEC6DBC4}.Debug|Any CPU.ActiveCfg = Debug|Any CPU
		{8BEC9AEA-FF2F-4155-B615-FB87AEC6DBC4}.Debug|Any CPU.Build.0 = Debug|Any CPU
		{8BEC9AEA-FF2F-4155-B615-FB87AEC6DBC4}.Release|Any CPU.ActiveCfg = Release|Any CPU
		{8BEC9AEA-FF2F-4155-B615-FB87AEC6DBC4}.Release|Any CPU.Build.0 = Release|Any CPU
		{E5915F33-C47A-4A6D-97D9-1B426F28FDA8}.Debug|Any CPU.ActiveCfg = Debug|Any CPU
		{E5915F33-C47A-4A6D-97D9-1B426F28FDA8}.Debug|Any CPU.Build.0 = Debug|Any CPU
		{E5915F33-C47A-4A6D-97D9-1B426F28FDA8}.Release|Any CPU.ActiveCfg = Release|Any CPU
		{E5915F33-C47A-4A6D-97D9-1B426F28FDA8}.Release|Any CPU.Build.0 = Release|Any CPU
	EndGlobalSection
	GlobalSection(SolutionProperties) = preSolution
		HideSolutionNode = FALSE
	EndGlobalSection
	GlobalSection(NestedProjects) = preSolution
		{A2948C84-C04C-41A3-9510-7B44AE8CC9CE} = {559023CB-C4E2-4171-9201-1F08A6B48939}
		{E817F40C-48BC-40F6-8838-167A95671C3B} = {559023CB-C4E2-4171-9201-1F08A6B48939}
		{8BEC9AEA-FF2F-4155-B615-FB87AEC6DBC4} = {AA5F2B1E-699B-4B0F-A1E1-C3BFAE275715}
		{E5915F33-C47A-4A6D-97D9-1B426F28FDA8} = {AA5F2B1E-699B-4B0F-A1E1-C3BFAE275715}
	EndGlobalSection
	GlobalSection(ExtensibilityGlobals) = postSolution
		SolutionGuid = {46442A7A-B664-41E5-9FE1-579EC85C4760}
	EndGlobalSection
EndGlobal
